// !$*UTF8*$!
{
	archiveVersion = 1;
	classes = {
	};
	objectVersion = 56;
	objects = {

/* Begin PBXBuildFile section */
		0B1E651D2B2CE91700FB4CB6 /* ToDoListApp.swift in Sources */ = {isa = PBXBuildFile; fileRef = 0B1E651C2B2CE91700FB4CB6 /* ToDoListApp.swift */; };
		0B1E651F2B2CE91700FB4CB6 /* MainView.swift in Sources */ = {isa = PBXBuildFile; fileRef = 0B1E651E2B2CE91700FB4CB6 /* MainView.swift */; };
		0B1E65212B2CE91900FB4CB6 /* Assets.xcassets in Resources */ = {isa = PBXBuildFile; fileRef = 0B1E65202B2CE91900FB4CB6 /* Assets.xcassets */; };
		0B1E65242B2CE91900FB4CB6 /* Preview Assets.xcassets in Resources */ = {isa = PBXBuildFile; fileRef = 0B1E65232B2CE91900FB4CB6 /* Preview Assets.xcassets */; };
		0B1E652B2B2CEA0E00FB4CB6 /* GoogleService-Info.plist in Resources */ = {isa = PBXBuildFile; fileRef = 0B1E652A2B2CEA0E00FB4CB6 /* GoogleService-Info.plist */; };
		0B1E652E2B2CEC1400FB4CB6 /* FirebaseAnalytics in Frameworks */ = {isa = PBXBuildFile; productRef = 0B1E652D2B2CEC1400FB4CB6 /* FirebaseAnalytics */; };
		0B1E65302B2CEC1400FB4CB6 /* FirebaseAnalyticsOnDeviceConversion in Frameworks */ = {isa = PBXBuildFile; productRef = 0B1E652F2B2CEC1400FB4CB6 /* FirebaseAnalyticsOnDeviceConversion */; };
		0B1E65322B2CEC1400FB4CB6 /* FirebaseAnalyticsSwift in Frameworks */ = {isa = PBXBuildFile; productRef = 0B1E65312B2CEC1400FB4CB6 /* FirebaseAnalyticsSwift */; };
		0B1E65342B2CEC1400FB4CB6 /* FirebaseAnalyticsWithoutAdIdSupport in Frameworks */ = {isa = PBXBuildFile; productRef = 0B1E65332B2CEC1400FB4CB6 /* FirebaseAnalyticsWithoutAdIdSupport */; };
		0B1E65362B2CEC1400FB4CB6 /* FirebaseAppCheck in Frameworks */ = {isa = PBXBuildFile; productRef = 0B1E65352B2CEC1400FB4CB6 /* FirebaseAppCheck */; };
		0B1E65382B2CEC1400FB4CB6 /* FirebaseAppDistribution-Beta in Frameworks */ = {isa = PBXBuildFile; productRef = 0B1E65372B2CEC1400FB4CB6 /* FirebaseAppDistribution-Beta */; };
		0B1E653A2B2CEC1400FB4CB6 /* FirebaseAuth in Frameworks */ = {isa = PBXBuildFile; productRef = 0B1E65392B2CEC1400FB4CB6 /* FirebaseAuth */; };
		0B1E653C2B2CEC1400FB4CB6 /* FirebaseAuthCombine-Community in Frameworks */ = {isa = PBXBuildFile; productRef = 0B1E653B2B2CEC1400FB4CB6 /* FirebaseAuthCombine-Community */; };
		0B1E653E2B2CEC1400FB4CB6 /* FirebaseCrashlytics in Frameworks */ = {isa = PBXBuildFile; productRef = 0B1E653D2B2CEC1400FB4CB6 /* FirebaseCrashlytics */; };
		0B1E65402B2CEC1400FB4CB6 /* FirebaseDatabase in Frameworks */ = {isa = PBXBuildFile; productRef = 0B1E653F2B2CEC1400FB4CB6 /* FirebaseDatabase */; };
		0B1E65422B2CEC1400FB4CB6 /* FirebaseDatabaseSwift in Frameworks */ = {isa = PBXBuildFile; productRef = 0B1E65412B2CEC1400FB4CB6 /* FirebaseDatabaseSwift */; };
		0B1E65442B2CEC1400FB4CB6 /* FirebaseDynamicLinks in Frameworks */ = {isa = PBXBuildFile; productRef = 0B1E65432B2CEC1400FB4CB6 /* FirebaseDynamicLinks */; };
		0B1E65462B2CEC1400FB4CB6 /* FirebaseFirestore in Frameworks */ = {isa = PBXBuildFile; productRef = 0B1E65452B2CEC1400FB4CB6 /* FirebaseFirestore */; };
		0B1E65482B2CEC1400FB4CB6 /* FirebaseFirestoreCombine-Community in Frameworks */ = {isa = PBXBuildFile; productRef = 0B1E65472B2CEC1400FB4CB6 /* FirebaseFirestoreCombine-Community */; };
		0B1E654A2B2CEC1400FB4CB6 /* FirebaseFirestoreSwift in Frameworks */ = {isa = PBXBuildFile; productRef = 0B1E65492B2CEC1400FB4CB6 /* FirebaseFirestoreSwift */; };
		0B1E654C2B2CEC1400FB4CB6 /* FirebaseFunctions in Frameworks */ = {isa = PBXBuildFile; productRef = 0B1E654B2B2CEC1400FB4CB6 /* FirebaseFunctions */; };
		0B1E654E2B2CEC1400FB4CB6 /* FirebaseFunctionsCombine-Community in Frameworks */ = {isa = PBXBuildFile; productRef = 0B1E654D2B2CEC1400FB4CB6 /* FirebaseFunctionsCombine-Community */; };
		0B1E65502B2CEC1400FB4CB6 /* FirebaseInAppMessaging-Beta in Frameworks */ = {isa = PBXBuildFile; productRef = 0B1E654F2B2CEC1400FB4CB6 /* FirebaseInAppMessaging-Beta */; };
		0B1E65522B2CEC1400FB4CB6 /* FirebaseInAppMessagingSwift-Beta in Frameworks */ = {isa = PBXBuildFile; productRef = 0B1E65512B2CEC1400FB4CB6 /* FirebaseInAppMessagingSwift-Beta */; };
		0B1E65542B2CEC1400FB4CB6 /* FirebaseInstallations in Frameworks */ = {isa = PBXBuildFile; productRef = 0B1E65532B2CEC1400FB4CB6 /* FirebaseInstallations */; };
		0B1E65562B2CEC1400FB4CB6 /* FirebaseMLModelDownloader in Frameworks */ = {isa = PBXBuildFile; productRef = 0B1E65552B2CEC1400FB4CB6 /* FirebaseMLModelDownloader */; };
		0B1E65582B2CEC1400FB4CB6 /* FirebaseMessaging in Frameworks */ = {isa = PBXBuildFile; productRef = 0B1E65572B2CEC1400FB4CB6 /* FirebaseMessaging */; };
		0B1E655A2B2CEC1400FB4CB6 /* FirebasePerformance in Frameworks */ = {isa = PBXBuildFile; productRef = 0B1E65592B2CEC1400FB4CB6 /* FirebasePerformance */; };
		0B1E655C2B2CEC1400FB4CB6 /* FirebaseRemoteConfig in Frameworks */ = {isa = PBXBuildFile; productRef = 0B1E655B2B2CEC1400FB4CB6 /* FirebaseRemoteConfig */; };
		0B1E655E2B2CEC1400FB4CB6 /* FirebaseRemoteConfigSwift in Frameworks */ = {isa = PBXBuildFile; productRef = 0B1E655D2B2CEC1400FB4CB6 /* FirebaseRemoteConfigSwift */; };
		0B1E65602B2CEC1400FB4CB6 /* FirebaseStorage in Frameworks */ = {isa = PBXBuildFile; productRef = 0B1E655F2B2CEC1400FB4CB6 /* FirebaseStorage */; };
		0B1E65622B2CEC1400FB4CB6 /* FirebaseStorageCombine-Community in Frameworks */ = {isa = PBXBuildFile; productRef = 0B1E65612B2CEC1400FB4CB6 /* FirebaseStorageCombine-Community */; };
		0B1E65682B2CFCA300FB4CB6 /* ProfileView.swift in Sources */ = {isa = PBXBuildFile; fileRef = 0B1E65672B2CFCA300FB4CB6 /* ProfileView.swift */; };
		0B1E656A2B2CFCC600FB4CB6 /* ItemsViews.swift in Sources */ = {isa = PBXBuildFile; fileRef = 0B1E65692B2CFCC600FB4CB6 /* ItemsViews.swift */; };
		0B1E656C2B2CFCE000FB4CB6 /* NewItemView.swift in Sources */ = {isa = PBXBuildFile; fileRef = 0B1E656B2B2CFCE000FB4CB6 /* NewItemView.swift */; };
		0B1E656E2B2CFCEE00FB4CB6 /* LoginView.swift in Sources */ = {isa = PBXBuildFile; fileRef = 0B1E656D2B2CFCEE00FB4CB6 /* LoginView.swift */; };
		0B1E65702B2CFCFB00FB4CB6 /* RegisterView.swift in Sources */ = {isa = PBXBuildFile; fileRef = 0B1E656F2B2CFCFB00FB4CB6 /* RegisterView.swift */; };
		0B1E65722B2CFD2900FB4CB6 /* ListItemView.swift in Sources */ = {isa = PBXBuildFile; fileRef = 0B1E65712B2CFD2900FB4CB6 /* ListItemView.swift */; };
		0B1E65742B2D003000FB4CB6 /* User.swift in Sources */ = {isa = PBXBuildFile; fileRef = 0B1E65732B2D003000FB4CB6 /* User.swift */; };
		0B1E65762B2D003F00FB4CB6 /* ToDoListItem.swift in Sources */ = {isa = PBXBuildFile; fileRef = 0B1E65752B2D003F00FB4CB6 /* ToDoListItem.swift */; };
		0B1E65782B2D009100FB4CB6 /* MainViewViewModel.swift in Sources */ = {isa = PBXBuildFile; fileRef = 0B1E65772B2D009100FB4CB6 /* MainViewViewModel.swift */; };
		0B1E657A2B2D00A500FB4CB6 /* ProfileViewViewModel.swift in Sources */ = {isa = PBXBuildFile; fileRef = 0B1E65792B2D00A500FB4CB6 /* ProfileViewViewModel.swift */; };
		0B1E657C2B2D00B800FB4CB6 /* ItemsViewsViewModel.swift in Sources */ = {isa = PBXBuildFile; fileRef = 0B1E657B2B2D00B800FB4CB6 /* ItemsViewsViewModel.swift */; };
		0B1E657E2B2D00CB00FB4CB6 /* NewItemViewViewModel.swift in Sources */ = {isa = PBXBuildFile; fileRef = 0B1E657D2B2D00CB00FB4CB6 /* NewItemViewViewModel.swift */; };
		0B1E65802B2D00E700FB4CB6 /* LoginViewViewModel.swift in Sources */ = {isa = PBXBuildFile; fileRef = 0B1E657F2B2D00E700FB4CB6 /* LoginViewViewModel.swift */; };
		0B1E65822B2D00FA00FB4CB6 /* RegisterViewViewModel.swift in Sources */ = {isa = PBXBuildFile; fileRef = 0B1E65812B2D00FA00FB4CB6 /* RegisterViewViewModel.swift */; };
		0B1E65842B2D011000FB4CB6 /* ListItemViewViewModel.swift in Sources */ = {isa = PBXBuildFile; fileRef = 0B1E65832B2D011000FB4CB6 /* ListItemViewViewModel.swift */; };
		0B1E65862B2D072300FB4CB6 /* HeaderView.swift in Sources */ = {isa = PBXBuildFile; fileRef = 0B1E65852B2D072300FB4CB6 /* HeaderView.swift */; };
		0B79EA652B2FEFF7005F595B /* TLButton.swift in Sources */ = {isa = PBXBuildFile; fileRef = 0B79EA642B2FEFF7005F595B /* TLButton.swift */; };
		0BB548A02B37770400493880 /* Extensions.swift in Sources */ = {isa = PBXBuildFile; fileRef = 0BB5489F2B37770400493880 /* Extensions.swift */; };
		0BB548A22B3A2C6D00493880 /* Launch Screen.storyboard in Resources */ = {isa = PBXBuildFile; fileRef = 0BB548A12B3A2C6D00493880 /* Launch Screen.storyboard */; };
/* End PBXBuildFile section */

/* Begin PBXFileReference section */
		0B1E65192B2CE91700FB4CB6 /* ToDoList.app */ = {isa = PBXFileReference; explicitFileType = wrapper.application; includeInIndex = 0; path = ToDoList.app; sourceTree = BUILT_PRODUCTS_DIR; };
		0B1E651C2B2CE91700FB4CB6 /* ToDoListApp.swift */ = {isa = PBXFileReference; lastKnownFileType = sourcecode.swift; path = ToDoListApp.swift; sourceTree = "<group>"; };
		0B1E651E2B2CE91700FB4CB6 /* MainView.swift */ = {isa = PBXFileReference; lastKnownFileType = sourcecode.swift; path = MainView.swift; sourceTree = "<group>"; };
		0B1E65202B2CE91900FB4CB6 /* Assets.xcassets */ = {isa = PBXFileReference; lastKnownFileType = folder.assetcatalog; path = Assets.xcassets; sourceTree = "<group>"; };
		0B1E65232B2CE91900FB4CB6 /* Preview Assets.xcassets */ = {isa = PBXFileReference; lastKnownFileType = folder.assetcatalog; path = "Preview Assets.xcassets"; sourceTree = "<group>"; };
		0B1E652A2B2CEA0E00FB4CB6 /* GoogleService-Info.plist */ = {isa = PBXFileReference; fileEncoding = 4; lastKnownFileType = text.plist.xml; path = "GoogleService-Info.plist"; sourceTree = "<group>"; };
		0B1E65672B2CFCA300FB4CB6 /* ProfileView.swift */ = {isa = PBXFileReference; lastKnownFileType = sourcecode.swift; path = ProfileView.swift; sourceTree = "<group>"; };
		0B1E65692B2CFCC600FB4CB6 /* ItemsViews.swift */ = {isa = PBXFileReference; lastKnownFileType = sourcecode.swift; path = ItemsViews.swift; sourceTree = "<group>"; };
		0B1E656B2B2CFCE000FB4CB6 /* NewItemView.swift */ = {isa = PBXFileReference; lastKnownFileType = sourcecode.swift; path = NewItemView.swift; sourceTree = "<group>"; };
		0B1E656D2B2CFCEE00FB4CB6 /* LoginView.swift */ = {isa = PBXFileReference; lastKnownFileType = sourcecode.swift; path = LoginView.swift; sourceTree = "<group>"; };
		0B1E656F2B2CFCFB00FB4CB6 /* RegisterView.swift */ = {isa = PBXFileReference; lastKnownFileType = sourcecode.swift; path = RegisterView.swift; sourceTree = "<group>"; };
		0B1E65712B2CFD2900FB4CB6 /* ListItemView.swift */ = {isa = PBXFileReference; lastKnownFileType = sourcecode.swift; path = ListItemView.swift; sourceTree = "<group>"; };
		0B1E65732B2D003000FB4CB6 /* User.swift */ = {isa = PBXFileReference; lastKnownFileType = sourcecode.swift; path = User.swift; sourceTree = "<group>"; };
		0B1E65752B2D003F00FB4CB6 /* ToDoListItem.swift */ = {isa = PBXFileReference; lastKnownFileType = sourcecode.swift; path = ToDoListItem.swift; sourceTree = "<group>"; };
		0B1E65772B2D009100FB4CB6 /* MainViewViewModel.swift */ = {isa = PBXFileReference; lastKnownFileType = sourcecode.swift; path = MainViewViewModel.swift; sourceTree = "<group>"; };
		0B1E65792B2D00A500FB4CB6 /* ProfileViewViewModel.swift */ = {isa = PBXFileReference; lastKnownFileType = sourcecode.swift; path = ProfileViewViewModel.swift; sourceTree = "<group>"; };
		0B1E657B2B2D00B800FB4CB6 /* ItemsViewsViewModel.swift */ = {isa = PBXFileReference; lastKnownFileType = sourcecode.swift; path = ItemsViewsViewModel.swift; sourceTree = "<group>"; };
		0B1E657D2B2D00CB00FB4CB6 /* NewItemViewViewModel.swift */ = {isa = PBXFileReference; lastKnownFileType = sourcecode.swift; path = NewItemViewViewModel.swift; sourceTree = "<group>"; };
		0B1E657F2B2D00E700FB4CB6 /* LoginViewViewModel.swift */ = {isa = PBXFileReference; lastKnownFileType = sourcecode.swift; path = LoginViewViewModel.swift; sourceTree = "<group>"; };
		0B1E65812B2D00FA00FB4CB6 /* RegisterViewViewModel.swift */ = {isa = PBXFileReference; lastKnownFileType = sourcecode.swift; path = RegisterViewViewModel.swift; sourceTree = "<group>"; };
		0B1E65832B2D011000FB4CB6 /* ListItemViewViewModel.swift */ = {isa = PBXFileReference; lastKnownFileType = sourcecode.swift; path = ListItemViewViewModel.swift; sourceTree = "<group>"; };
		0B1E65852B2D072300FB4CB6 /* HeaderView.swift */ = {isa = PBXFileReference; lastKnownFileType = sourcecode.swift; path = HeaderView.swift; sourceTree = "<group>"; };
		0B79EA642B2FEFF7005F595B /* TLButton.swift */ = {isa = PBXFileReference; lastKnownFileType = sourcecode.swift; path = TLButton.swift; sourceTree = "<group>"; };
		0BB5489F2B37770400493880 /* Extensions.swift */ = {isa = PBXFileReference; lastKnownFileType = sourcecode.swift; path = Extensions.swift; sourceTree = "<group>"; };
		0BB548A12B3A2C6D00493880 /* Launch Screen.storyboard */ = {isa = PBXFileReference; lastKnownFileType = file.storyboard; path = "Launch Screen.storyboard"; sourceTree = "<group>"; };
/* End PBXFileReference section */

/* Begin PBXFrameworksBuildPhase section */
		0B1E65162B2CE91700FB4CB6 /* Frameworks */ = {
			isa = PBXFrameworksBuildPhase;
			buildActionMask = 2147483647;
			files = (
				0B1E65402B2CEC1400FB4CB6 /* FirebaseDatabase in Frameworks */,
				0B1E654E2B2CEC1400FB4CB6 /* FirebaseFunctionsCombine-Community in Frameworks */,
				0B1E65462B2CEC1400FB4CB6 /* FirebaseFirestore in Frameworks */,
				0B1E65322B2CEC1400FB4CB6 /* FirebaseAnalyticsSwift in Frameworks */,
				0B1E652E2B2CEC1400FB4CB6 /* FirebaseAnalytics in Frameworks */,
				0B1E65302B2CEC1400FB4CB6 /* FirebaseAnalyticsOnDeviceConversion in Frameworks */,
				0B1E65562B2CEC1400FB4CB6 /* FirebaseMLModelDownloader in Frameworks */,
				0B1E654A2B2CEC1400FB4CB6 /* FirebaseFirestoreSwift in Frameworks */,
				0B1E65362B2CEC1400FB4CB6 /* FirebaseAppCheck in Frameworks */,
				0B1E65342B2CEC1400FB4CB6 /* FirebaseAnalyticsWithoutAdIdSupport in Frameworks */,
				0B1E653A2B2CEC1400FB4CB6 /* FirebaseAuth in Frameworks */,
				0B1E653E2B2CEC1400FB4CB6 /* FirebaseCrashlytics in Frameworks */,
				0B1E655E2B2CEC1400FB4CB6 /* FirebaseRemoteConfigSwift in Frameworks */,
				0B1E65502B2CEC1400FB4CB6 /* FirebaseInAppMessaging-Beta in Frameworks */,
				0B1E65422B2CEC1400FB4CB6 /* FirebaseDatabaseSwift in Frameworks */,
				0B1E654C2B2CEC1400FB4CB6 /* FirebaseFunctions in Frameworks */,
				0B1E65622B2CEC1400FB4CB6 /* FirebaseStorageCombine-Community in Frameworks */,
				0B1E655C2B2CEC1400FB4CB6 /* FirebaseRemoteConfig in Frameworks */,
				0B1E65382B2CEC1400FB4CB6 /* FirebaseAppDistribution-Beta in Frameworks */,
				0B1E653C2B2CEC1400FB4CB6 /* FirebaseAuthCombine-Community in Frameworks */,
				0B1E655A2B2CEC1400FB4CB6 /* FirebasePerformance in Frameworks */,
				0B1E65522B2CEC1400FB4CB6 /* FirebaseInAppMessagingSwift-Beta in Frameworks */,
				0B1E65602B2CEC1400FB4CB6 /* FirebaseStorage in Frameworks */,
				0B1E65442B2CEC1400FB4CB6 /* FirebaseDynamicLinks in Frameworks */,
				0B1E65482B2CEC1400FB4CB6 /* FirebaseFirestoreCombine-Community in Frameworks */,
				0B1E65582B2CEC1400FB4CB6 /* FirebaseMessaging in Frameworks */,
				0B1E65542B2CEC1400FB4CB6 /* FirebaseInstallations in Frameworks */,
			);
			runOnlyForDeploymentPostprocessing = 0;
		};
/* End PBXFrameworksBuildPhase section */

/* Begin PBXGroup section */
		0B1E65102B2CE91700FB4CB6 = {
			isa = PBXGroup;
			children = (
				0B1E651B2B2CE91700FB4CB6 /* ToDoList */,
				0B1E651A2B2CE91700FB4CB6 /* Products */,
			);
			sourceTree = "<group>";
		};
		0B1E651A2B2CE91700FB4CB6 /* Products */ = {
			isa = PBXGroup;
			children = (
				0B1E65192B2CE91700FB4CB6 /* ToDoList.app */,
			);
			name = Products;
			sourceTree = "<group>";
		};
		0B1E651B2B2CE91700FB4CB6 /* ToDoList */ = {
			isa = PBXGroup;
			children = (
				0B1E65662B2CFB7500FB4CB6 /* Other */,
				0B1E65652B2CFB6300FB4CB6 /* Views */,
				0B1E65642B2CFB5800FB4CB6 /* ViewModels */,
				0B1E65632B2CFB4F00FB4CB6 /* Models */,
				0B1E65222B2CE91900FB4CB6 /* Preview Content */,
			);
			path = ToDoList;
			sourceTree = "<group>";
		};
		0B1E65222B2CE91900FB4CB6 /* Preview Content */ = {
			isa = PBXGroup;
			children = (
				0B1E65232B2CE91900FB4CB6 /* Preview Assets.xcassets */,
			);
			path = "Preview Content";
			sourceTree = "<group>";
		};
		0B1E65632B2CFB4F00FB4CB6 /* Models */ = {
			isa = PBXGroup;
			children = (
				0B1E65732B2D003000FB4CB6 /* User.swift */,
				0B1E65752B2D003F00FB4CB6 /* ToDoListItem.swift */,
			);
			path = Models;
			sourceTree = "<group>";
		};
		0B1E65642B2CFB5800FB4CB6 /* ViewModels */ = {
			isa = PBXGroup;
			children = (
				0B1E65772B2D009100FB4CB6 /* MainViewViewModel.swift */,
				0B1E65792B2D00A500FB4CB6 /* ProfileViewViewModel.swift */,
				0B1E65832B2D011000FB4CB6 /* ListItemViewViewModel.swift */,
				0B1E657B2B2D00B800FB4CB6 /* ItemsViewsViewModel.swift */,
				0B1E657D2B2D00CB00FB4CB6 /* NewItemViewViewModel.swift */,
				0B1E657F2B2D00E700FB4CB6 /* LoginViewViewModel.swift */,
				0B1E65812B2D00FA00FB4CB6 /* RegisterViewViewModel.swift */,
			);
			path = ViewModels;
			sourceTree = "<group>";
		};
		0B1E65652B2CFB6300FB4CB6 /* Views */ = {
			isa = PBXGroup;
			children = (
				0B1E651E2B2CE91700FB4CB6 /* MainView.swift */,
				0B1E65672B2CFCA300FB4CB6 /* ProfileView.swift */,
				0B1E65692B2CFCC600FB4CB6 /* ItemsViews.swift */,
				0B1E65712B2CFD2900FB4CB6 /* ListItemView.swift */,
				0B1E656B2B2CFCE000FB4CB6 /* NewItemView.swift */,
				0B1E656D2B2CFCEE00FB4CB6 /* LoginView.swift */,
				0B1E656F2B2CFCFB00FB4CB6 /* RegisterView.swift */,
				0B1E65852B2D072300FB4CB6 /* HeaderView.swift */,
				0B79EA642B2FEFF7005F595B /* TLButton.swift */,
			);
			path = Views;
			sourceTree = "<group>";
		};
		0B1E65662B2CFB7500FB4CB6 /* Other */ = {
			isa = PBXGroup;
			children = (
				0B1E652A2B2CEA0E00FB4CB6 /* GoogleService-Info.plist */,
				0B1E651C2B2CE91700FB4CB6 /* ToDoListApp.swift */,
				0B1E65202B2CE91900FB4CB6 /* Assets.xcassets */,
				0BB5489F2B37770400493880 /* Extensions.swift */,
				0BB548A12B3A2C6D00493880 /* Launch Screen.storyboard */,
			);
			path = Other;
			sourceTree = "<group>";
		};
/* End PBXGroup section */

/* Begin PBXNativeTarget section */
		0B1E65182B2CE91700FB4CB6 /* ToDoList */ = {
			isa = PBXNativeTarget;
			buildConfigurationList = 0B1E65272B2CE91900FB4CB6 /* Build configuration list for PBXNativeTarget "ToDoList" */;
			buildPhases = (
				0B1E65152B2CE91700FB4CB6 /* Sources */,
				0B1E65162B2CE91700FB4CB6 /* Frameworks */,
				0B1E65172B2CE91700FB4CB6 /* Resources */,
			);
			buildRules = (
			);
			dependencies = (
			);
			name = ToDoList;
			packageProductDependencies = (
				0B1E652D2B2CEC1400FB4CB6 /* FirebaseAnalytics */,
				0B1E652F2B2CEC1400FB4CB6 /* FirebaseAnalyticsOnDeviceConversion */,
				0B1E65312B2CEC1400FB4CB6 /* FirebaseAnalyticsSwift */,
				0B1E65332B2CEC1400FB4CB6 /* FirebaseAnalyticsWithoutAdIdSupport */,
				0B1E65352B2CEC1400FB4CB6 /* FirebaseAppCheck */,
				0B1E65372B2CEC1400FB4CB6 /* FirebaseAppDistribution-Beta */,
				0B1E65392B2CEC1400FB4CB6 /* FirebaseAuth */,
				0B1E653B2B2CEC1400FB4CB6 /* FirebaseAuthCombine-Community */,
				0B1E653D2B2CEC1400FB4CB6 /* FirebaseCrashlytics */,
				0B1E653F2B2CEC1400FB4CB6 /* FirebaseDatabase */,
				0B1E65412B2CEC1400FB4CB6 /* FirebaseDatabaseSwift */,
				0B1E65432B2CEC1400FB4CB6 /* FirebaseDynamicLinks */,
				0B1E65452B2CEC1400FB4CB6 /* FirebaseFirestore */,
				0B1E65472B2CEC1400FB4CB6 /* FirebaseFirestoreCombine-Community */,
				0B1E65492B2CEC1400FB4CB6 /* FirebaseFirestoreSwift */,
				0B1E654B2B2CEC1400FB4CB6 /* FirebaseFunctions */,
				0B1E654D2B2CEC1400FB4CB6 /* FirebaseFunctionsCombine-Community */,
				0B1E654F2B2CEC1400FB4CB6 /* FirebaseInAppMessaging-Beta */,
				0B1E65512B2CEC1400FB4CB6 /* FirebaseInAppMessagingSwift-Beta */,
				0B1E65532B2CEC1400FB4CB6 /* FirebaseInstallations */,
				0B1E65552B2CEC1400FB4CB6 /* FirebaseMLModelDownloader */,
				0B1E65572B2CEC1400FB4CB6 /* FirebaseMessaging */,
				0B1E65592B2CEC1400FB4CB6 /* FirebasePerformance */,
				0B1E655B2B2CEC1400FB4CB6 /* FirebaseRemoteConfig */,
				0B1E655D2B2CEC1400FB4CB6 /* FirebaseRemoteConfigSwift */,
				0B1E655F2B2CEC1400FB4CB6 /* FirebaseStorage */,
				0B1E65612B2CEC1400FB4CB6 /* FirebaseStorageCombine-Community */,
			);
			productName = ToDoList;
			productReference = 0B1E65192B2CE91700FB4CB6 /* ToDoList.app */;
			productType = "com.apple.product-type.application";
		};
/* End PBXNativeTarget section */

/* Begin PBXProject section */
		0B1E65112B2CE91700FB4CB6 /* Project object */ = {
			isa = PBXProject;
			attributes = {
				BuildIndependentTargetsInParallel = 1;
				LastSwiftUpdateCheck = 1510;
				LastUpgradeCheck = 1510;
				TargetAttributes = {
					0B1E65182B2CE91700FB4CB6 = {
						CreatedOnToolsVersion = 15.1;
					};
				};
			};
			buildConfigurationList = 0B1E65142B2CE91700FB4CB6 /* Build configuration list for PBXProject "ToDoList" */;
			compatibilityVersion = "Xcode 14.0";
			developmentRegion = en;
			hasScannedForEncodings = 0;
			knownRegions = (
				en,
				Base,
			);
			mainGroup = 0B1E65102B2CE91700FB4CB6;
			packageReferences = (
				0B1E652C2B2CEC1400FB4CB6 /* XCRemoteSwiftPackageReference "firebase-ios-sdk" */,
			);
			productRefGroup = 0B1E651A2B2CE91700FB4CB6 /* Products */;
			projectDirPath = "";
			projectRoot = "";
			targets = (
				0B1E65182B2CE91700FB4CB6 /* ToDoList */,
			);
		};
/* End PBXProject section */

/* Begin PBXResourcesBuildPhase section */
		0B1E65172B2CE91700FB4CB6 /* Resources */ = {
			isa = PBXResourcesBuildPhase;
			buildActionMask = 2147483647;
			files = (
				0B1E65242B2CE91900FB4CB6 /* Preview Assets.xcassets in Resources */,
				0B1E652B2B2CEA0E00FB4CB6 /* GoogleService-Info.plist in Resources */,
				0BB548A22B3A2C6D00493880 /* Launch Screen.storyboard in Resources */,
				0B1E65212B2CE91900FB4CB6 /* Assets.xcassets in Resources */,
			);
			runOnlyForDeploymentPostprocessing = 0;
		};
/* End PBXResourcesBuildPhase section */

/* Begin PBXSourcesBuildPhase section */
		0B1E65152B2CE91700FB4CB6 /* Sources */ = {
			isa = PBXSourcesBuildPhase;
			buildActionMask = 2147483647;
			files = (
				0B1E656E2B2CFCEE00FB4CB6 /* LoginView.swift in Sources */,
				0B1E65862B2D072300FB4CB6 /* HeaderView.swift in Sources */,
				0B1E657C2B2D00B800FB4CB6 /* ItemsViewsViewModel.swift in Sources */,
				0B1E65822B2D00FA00FB4CB6 /* RegisterViewViewModel.swift in Sources */,
				0B1E651F2B2CE91700FB4CB6 /* MainView.swift in Sources */,
				0B1E65782B2D009100FB4CB6 /* MainViewViewModel.swift in Sources */,
				0B1E65682B2CFCA300FB4CB6 /* ProfileView.swift in Sources */,
				0B79EA652B2FEFF7005F595B /* TLButton.swift in Sources */,
				0B1E65722B2CFD2900FB4CB6 /* ListItemView.swift in Sources */,
				0B1E657A2B2D00A500FB4CB6 /* ProfileViewViewModel.swift in Sources */,
				0B1E65702B2CFCFB00FB4CB6 /* RegisterView.swift in Sources */,
				0B1E65742B2D003000FB4CB6 /* User.swift in Sources */,
				0B1E651D2B2CE91700FB4CB6 /* ToDoListApp.swift in Sources */,
				0B1E65802B2D00E700FB4CB6 /* LoginViewViewModel.swift in Sources */,
				0B1E65842B2D011000FB4CB6 /* ListItemViewViewModel.swift in Sources */,
				0BB548A02B37770400493880 /* Extensions.swift in Sources */,
				0B1E656A2B2CFCC600FB4CB6 /* ItemsViews.swift in Sources */,
				0B1E65762B2D003F00FB4CB6 /* ToDoListItem.swift in Sources */,
				0B1E656C2B2CFCE000FB4CB6 /* NewItemView.swift in Sources */,
				0B1E657E2B2D00CB00FB4CB6 /* NewItemViewViewModel.swift in Sources */,
			);
			runOnlyForDeploymentPostprocessing = 0;
		};
/* End PBXSourcesBuildPhase section */

/* Begin XCBuildConfiguration section */
		0B1E65252B2CE91900FB4CB6 /* Debug */ = {
			isa = XCBuildConfiguration;
			buildSettings = {
				ALWAYS_SEARCH_USER_PATHS = NO;
				ASSETCATALOG_COMPILER_GENERATE_SWIFT_ASSET_SYMBOL_EXTENSIONS = YES;
				CLANG_ANALYZER_NONNULL = YES;
				CLANG_ANALYZER_NUMBER_OBJECT_CONVERSION = YES_AGGRESSIVE;
				CLANG_CXX_LANGUAGE_STANDARD = "gnu++20";
				CLANG_ENABLE_MODULES = YES;
				CLANG_ENABLE_OBJC_ARC = YES;
				CLANG_ENABLE_OBJC_WEAK = YES;
				CLANG_WARN_BLOCK_CAPTURE_AUTORELEASING = YES;
				CLANG_WARN_BOOL_CONVERSION = YES;
				CLANG_WARN_COMMA = YES;
				CLANG_WARN_CONSTANT_CONVERSION = YES;
				CLANG_WARN_DEPRECATED_OBJC_IMPLEMENTATIONS = YES;
				CLANG_WARN_DIRECT_OBJC_ISA_USAGE = YES_ERROR;
				CLANG_WARN_DOCUMENTATION_COMMENTS = YES;
				CLANG_WARN_EMPTY_BODY = YES;
				CLANG_WARN_ENUM_CONVERSION = YES;
				CLANG_WARN_INFINITE_RECURSION = YES;
				CLANG_WARN_INT_CONVERSION = YES;
				CLANG_WARN_NON_LITERAL_NULL_CONVERSION = YES;
				CLANG_WARN_OBJC_IMPLICIT_RETAIN_SELF = YES;
				CLANG_WARN_OBJC_LITERAL_CONVERSION = YES;
				CLANG_WARN_OBJC_ROOT_CLASS = YES_ERROR;
				CLANG_WARN_QUOTED_INCLUDE_IN_FRAMEWORK_HEADER = YES;
				CLANG_WARN_RANGE_LOOP_ANALYSIS = YES;
				CLANG_WARN_STRICT_PROTOTYPES = YES;
				CLANG_WARN_SUSPICIOUS_MOVE = YES;
				CLANG_WARN_UNGUARDED_AVAILABILITY = YES_AGGRESSIVE;
				CLANG_WARN_UNREACHABLE_CODE = YES;
				CLANG_WARN__DUPLICATE_METHOD_MATCH = YES;
				COPY_PHASE_STRIP = NO;
				DEBUG_INFORMATION_FORMAT = dwarf;
				ENABLE_STRICT_OBJC_MSGSEND = YES;
				ENABLE_TESTABILITY = YES;
				ENABLE_USER_SCRIPT_SANDBOXING = YES;
				GCC_C_LANGUAGE_STANDARD = gnu17;
				GCC_DYNAMIC_NO_PIC = NO;
				GCC_NO_COMMON_BLOCKS = YES;
				GCC_OPTIMIZATION_LEVEL = 0;
				GCC_PREPROCESSOR_DEFINITIONS = (
					"DEBUG=1",
					"$(inherited)",
				);
				GCC_WARN_64_TO_32_BIT_CONVERSION = YES;
				GCC_WARN_ABOUT_RETURN_TYPE = YES_ERROR;
				GCC_WARN_UNDECLARED_SELECTOR = YES;
				GCC_WARN_UNINITIALIZED_AUTOS = YES_AGGRESSIVE;
				GCC_WARN_UNUSED_FUNCTION = YES;
				GCC_WARN_UNUSED_VARIABLE = YES;
				IPHONEOS_DEPLOYMENT_TARGET = 17.2;
				LOCALIZATION_PREFERS_STRING_CATALOGS = YES;
				MTL_ENABLE_DEBUG_INFO = INCLUDE_SOURCE;
				MTL_FAST_MATH = YES;
				ONLY_ACTIVE_ARCH = YES;
				SDKROOT = iphoneos;
				SWIFT_ACTIVE_COMPILATION_CONDITIONS = "DEBUG $(inherited)";
				SWIFT_OPTIMIZATION_LEVEL = "-Onone";
			};
			name = Debug;
		};
		0B1E65262B2CE91900FB4CB6 /* Release */ = {
			isa = XCBuildConfiguration;
			buildSettings = {
				ALWAYS_SEARCH_USER_PATHS = NO;
				ASSETCATALOG_COMPILER_GENERATE_SWIFT_ASSET_SYMBOL_EXTENSIONS = YES;
				CLANG_ANALYZER_NONNULL = YES;
				CLANG_ANALYZER_NUMBER_OBJECT_CONVERSION = YES_AGGRESSIVE;
				CLANG_CXX_LANGUAGE_STANDARD = "gnu++20";
				CLANG_ENABLE_MODULES = YES;
				CLANG_ENABLE_OBJC_ARC = YES;
				CLANG_ENABLE_OBJC_WEAK = YES;
				CLANG_WARN_BLOCK_CAPTURE_AUTORELEASING = YES;
				CLANG_WARN_BOOL_CONVERSION = YES;
				CLANG_WARN_COMMA = YES;
				CLANG_WARN_CONSTANT_CONVERSION = YES;
				CLANG_WARN_DEPRECATED_OBJC_IMPLEMENTATIONS = YES;
				CLANG_WARN_DIRECT_OBJC_ISA_USAGE = YES_ERROR;
				CLANG_WARN_DOCUMENTATION_COMMENTS = YES;
				CLANG_WARN_EMPTY_BODY = YES;
				CLANG_WARN_ENUM_CONVERSION = YES;
				CLANG_WARN_INFINITE_RECURSION = YES;
				CLANG_WARN_INT_CONVERSION = YES;
				CLANG_WARN_NON_LITERAL_NULL_CONVERSION = YES;
				CLANG_WARN_OBJC_IMPLICIT_RETAIN_SELF = YES;
				CLANG_WARN_OBJC_LITERAL_CONVERSION = YES;
				CLANG_WARN_OBJC_ROOT_CLASS = YES_ERROR;
				CLANG_WARN_QUOTED_INCLUDE_IN_FRAMEWORK_HEADER = YES;
				CLANG_WARN_RANGE_LOOP_ANALYSIS = YES;
				CLANG_WARN_STRICT_PROTOTYPES = YES;
				CLANG_WARN_SUSPICIOUS_MOVE = YES;
				CLANG_WARN_UNGUARDED_AVAILABILITY = YES_AGGRESSIVE;
				CLANG_WARN_UNREACHABLE_CODE = YES;
				CLANG_WARN__DUPLICATE_METHOD_MATCH = YES;
				COPY_PHASE_STRIP = NO;
				DEBUG_INFORMATION_FORMAT = "dwarf-with-dsym";
				ENABLE_NS_ASSERTIONS = NO;
				ENABLE_STRICT_OBJC_MSGSEND = YES;
				ENABLE_USER_SCRIPT_SANDBOXING = YES;
				GCC_C_LANGUAGE_STANDARD = gnu17;
				GCC_NO_COMMON_BLOCKS = YES;
				GCC_WARN_64_TO_32_BIT_CONVERSION = YES;
				GCC_WARN_ABOUT_RETURN_TYPE = YES_ERROR;
				GCC_WARN_UNDECLARED_SELECTOR = YES;
				GCC_WARN_UNINITIALIZED_AUTOS = YES_AGGRESSIVE;
				GCC_WARN_UNUSED_FUNCTION = YES;
				GCC_WARN_UNUSED_VARIABLE = YES;
				IPHONEOS_DEPLOYMENT_TARGET = 17.2;
				LOCALIZATION_PREFERS_STRING_CATALOGS = YES;
				MTL_ENABLE_DEBUG_INFO = NO;
				MTL_FAST_MATH = YES;
				SDKROOT = iphoneos;
				SWIFT_COMPILATION_MODE = wholemodule;
				VALIDATE_PRODUCT = YES;
			};
			name = Release;
		};
		0B1E65282B2CE91900FB4CB6 /* Debug */ = {
			isa = XCBuildConfiguration;
			buildSettings = {
				ASSETCATALOG_COMPILER_APPICON_NAME = AppIcon;
				ASSETCATALOG_COMPILER_GLOBAL_ACCENT_COLOR_NAME = AccentColor;
				CODE_SIGN_STYLE = Automatic;
				CURRENT_PROJECT_VERSION = 1;
				DEVELOPMENT_ASSET_PATHS = "\"ToDoList/Preview Content\"";
				ENABLE_PREVIEWS = YES;
				GENERATE_INFOPLIST_FILE = YES;
				INFOPLIST_KEY_UIApplicationSceneManifest_Generation = YES;
				INFOPLIST_KEY_UIApplicationSupportsIndirectInputEvents = YES;
				INFOPLIST_KEY_UILaunchScreen_Generation = YES;
				INFOPLIST_KEY_UILaunchStoryboardName = "Launch Screen.storyboard";
				INFOPLIST_KEY_UISupportedInterfaceOrientations = UIInterfaceOrientationPortrait;
				LD_RUNPATH_SEARCH_PATHS = (
					"$(inherited)",
					"@executable_path/Frameworks",
				);
				MARKETING_VERSION = 1.0;
				PRODUCT_BUNDLE_IDENTIFIER = "Sativa-Maciel.ToDoList";
				PRODUCT_NAME = "$(TARGET_NAME)";
				SWIFT_EMIT_LOC_STRINGS = YES;
				SWIFT_VERSION = 5.0;
				TARGETED_DEVICE_FAMILY = "1,2";
			};
			name = Debug;
		};
		0B1E65292B2CE91900FB4CB6 /* Release */ = {
			isa = XCBuildConfiguration;
			buildSettings = {
				ASSETCATALOG_COMPILER_APPICON_NAME = AppIcon;
				ASSETCATALOG_COMPILER_GLOBAL_ACCENT_COLOR_NAME = AccentColor;
				CODE_SIGN_STYLE = Automatic;
				CURRENT_PROJECT_VERSION = 1;
				DEVELOPMENT_ASSET_PATHS = "\"ToDoList/Preview Content\"";
				ENABLE_PREVIEWS = YES;
				GENERATE_INFOPLIST_FILE = YES;
				INFOPLIST_KEY_UIApplicationSceneManifest_Generation = YES;
				INFOPLIST_KEY_UIApplicationSupportsIndirectInputEvents = YES;
				INFOPLIST_KEY_UILaunchScreen_Generation = YES;
				INFOPLIST_KEY_UILaunchStoryboardName = "Launch Screen.storyboard";
				INFOPLIST_KEY_UISupportedInterfaceOrientations = UIInterfaceOrientationPortrait;
				LD_RUNPATH_SEARCH_PATHS = (
					"$(inherited)",
					"@executable_path/Frameworks",
				);
				MARKETING_VERSION = 1.0;
				PRODUCT_BUNDLE_IDENTIFIER = "Sativa-Maciel.ToDoList";
				PRODUCT_NAME = "$(TARGET_NAME)";
				SWIFT_EMIT_LOC_STRINGS = YES;
				SWIFT_VERSION = 5.0;
				TARGETED_DEVICE_FAMILY = "1,2";
			};
			name = Release;
		};
/* End XCBuildConfiguration section */

/* Begin XCConfigurationList section */
		0B1E65142B2CE91700FB4CB6 /* Build configuration list for PBXProject "ToDoList" */ = {
			isa = XCConfigurationList;
			buildConfigurations = (
				0B1E65252B2CE91900FB4CB6 /* Debug */,
				0B1E65262B2CE91900FB4CB6 /* Release */,
			);
			defaultConfigurationIsVisible = 0;
			defaultConfigurationName = Release;
		};
		0B1E65272B2CE91900FB4CB6 /* Build configuration list for PBXNativeTarget "ToDoList" */ = {
			isa = XCConfigurationList;
			buildConfigurations = (
				0B1E65282B2CE91900FB4CB6 /* Debug */,
				0B1E65292B2CE91900FB4CB6 /* Release */,
			);
			defaultConfigurationIsVisible = 0;
			defaultConfigurationName = Release;
		};
/* End XCConfigurationList section */

/* Begin XCRemoteSwiftPackageReference section */
		0B1E652C2B2CEC1400FB4CB6 /* XCRemoteSwiftPackageReference "firebase-ios-sdk" */ = {
			isa = XCRemoteSwiftPackageReference;
			repositoryURL = "https://github.com/firebase/firebase-ios-sdk.git";
			requirement = {
				kind = upToNextMajorVersion;
				minimumVersion = 10.19.1;
			};
		};
/* End XCRemoteSwiftPackageReference section */

/* Begin XCSwiftPackageProductDependency section */
		0B1E652D2B2CEC1400FB4CB6 /* FirebaseAnalytics */ = {
			isa = XCSwiftPackageProductDependency;
			package = 0B1E652C2B2CEC1400FB4CB6 /* XCRemoteSwiftPackageReference "firebase-ios-sdk" */;
			productName = FirebaseAnalytics;
		};
		0B1E652F2B2CEC1400FB4CB6 /* FirebaseAnalyticsOnDeviceConversion */ = {
			isa = XCSwiftPackageProductDependency;
			package = 0B1E652C2B2CEC1400FB4CB6 /* XCRemoteSwiftPackageReference "firebase-ios-sdk" */;
			productName = FirebaseAnalyticsOnDeviceConversion;
		};
		0B1E65312B2CEC1400FB4CB6 /* FirebaseAnalyticsSwift */ = {
			isa = XCSwiftPackageProductDependency;
			package = 0B1E652C2B2CEC1400FB4CB6 /* XCRemoteSwiftPackageReference "firebase-ios-sdk" */;
			productName = FirebaseAnalyticsSwift;
		};
		0B1E65332B2CEC1400FB4CB6 /* FirebaseAnalyticsWithoutAdIdSupport */ = {
			isa = XCSwiftPackageProductDependency;
			package = 0B1E652C2B2CEC1400FB4CB6 /* XCRemoteSwiftPackageReference "firebase-ios-sdk" */;
			productName = FirebaseAnalyticsWithoutAdIdSupport;
		};
		0B1E65352B2CEC1400FB4CB6 /* FirebaseAppCheck */ = {
			isa = XCSwiftPackageProductDependency;
			package = 0B1E652C2B2CEC1400FB4CB6 /* XCRemoteSwiftPackageReference "firebase-ios-sdk" */;
			productName = FirebaseAppCheck;
		};
		0B1E65372B2CEC1400FB4CB6 /* FirebaseAppDistribution-Beta */ = {
			isa = XCSwiftPackageProductDependency;
			package = 0B1E652C2B2CEC1400FB4CB6 /* XCRemoteSwiftPackageReference "firebase-ios-sdk" */;
			productName = "FirebaseAppDistribution-Beta";
		};
		0B1E65392B2CEC1400FB4CB6 /* FirebaseAuth */ = {
			isa = XCSwiftPackageProductDependency;
			package = 0B1E652C2B2CEC1400FB4CB6 /* XCRemoteSwiftPackageReference "firebase-ios-sdk" */;
			productName = FirebaseAuth;
		};
		0B1E653B2B2CEC1400FB4CB6 /* FirebaseAuthCombine-Community */ = {
			isa = XCSwiftPackageProductDependency;
			package = 0B1E652C2B2CEC1400FB4CB6 /* XCRemoteSwiftPackageReference "firebase-ios-sdk" */;
			productName = "FirebaseAuthCombine-Community";
		};
		0B1E653D2B2CEC1400FB4CB6 /* FirebaseCrashlytics */ = {
			isa = XCSwiftPackageProductDependency;
			package = 0B1E652C2B2CEC1400FB4CB6 /* XCRemoteSwiftPackageReference "firebase-ios-sdk" */;
			productName = FirebaseCrashlytics;
		};
		0B1E653F2B2CEC1400FB4CB6 /* FirebaseDatabase */ = {
			isa = XCSwiftPackageProductDependency;
			package = 0B1E652C2B2CEC1400FB4CB6 /* XCRemoteSwiftPackageReference "firebase-ios-sdk" */;
			productName = FirebaseDatabase;
		};
		0B1E65412B2CEC1400FB4CB6 /* FirebaseDatabaseSwift */ = {
			isa = XCSwiftPackageProductDependency;
			package = 0B1E652C2B2CEC1400FB4CB6 /* XCRemoteSwiftPackageReference "firebase-ios-sdk" */;
			productName = FirebaseDatabaseSwift;
		};
		0B1E65432B2CEC1400FB4CB6 /* FirebaseDynamicLinks */ = {
			isa = XCSwiftPackageProductDependency;
			package = 0B1E652C2B2CEC1400FB4CB6 /* XCRemoteSwiftPackageReference "firebase-ios-sdk" */;
			productName = FirebaseDynamicLinks;
		};
		0B1E65452B2CEC1400FB4CB6 /* FirebaseFirestore */ = {
			isa = XCSwiftPackageProductDependency;
			package = 0B1E652C2B2CEC1400FB4CB6 /* XCRemoteSwiftPackageReference "firebase-ios-sdk" */;
			productName = FirebaseFirestore;
		};
		0B1E65472B2CEC1400FB4CB6 /* FirebaseFirestoreCombine-Community */ = {
			isa = XCSwiftPackageProductDependency;
			package = 0B1E652C2B2CEC1400FB4CB6 /* XCRemoteSwiftPackageReference "firebase-ios-sdk" */;
			productName = "FirebaseFirestoreCombine-Community";
		};
		0B1E65492B2CEC1400FB4CB6 /* FirebaseFirestoreSwift */ = {
			isa = XCSwiftPackageProductDependency;
			package = 0B1E652C2B2CEC1400FB4CB6 /* XCRemoteSwiftPackageReference "firebase-ios-sdk" */;
			productName = FirebaseFirestoreSwift;
		};
		0B1E654B2B2CEC1400FB4CB6 /* FirebaseFunctions */ = {
			isa = XCSwiftPackageProductDependency;
			package = 0B1E652C2B2CEC1400FB4CB6 /* XCRemoteSwiftPackageReference "firebase-ios-sdk" */;
			productName = FirebaseFunctions;
		};
		0B1E654D2B2CEC1400FB4CB6 /* FirebaseFunctionsCombine-Community */ = {
			isa = XCSwiftPackageProductDependency;
			package = 0B1E652C2B2CEC1400FB4CB6 /* XCRemoteSwiftPackageReference "firebase-ios-sdk" */;
			productName = "FirebaseFunctionsCombine-Community";
		};
		0B1E654F2B2CEC1400FB4CB6 /* FirebaseInAppMessaging-Beta */ = {
			isa = XCSwiftPackageProductDependency;
			package = 0B1E652C2B2CEC1400FB4CB6 /* XCRemoteSwiftPackageReference "firebase-ios-sdk" */;
			productName = "FirebaseInAppMessaging-Beta";
		};
		0B1E65512B2CEC1400FB4CB6 /* FirebaseInAppMessagingSwift-Beta */ = {
			isa = XCSwiftPackageProductDependency;
			package = 0B1E652C2B2CEC1400FB4CB6 /* XCRemoteSwiftPackageReference "firebase-ios-sdk" */;
			productName = "FirebaseInAppMessagingSwift-Beta";
		};
		0B1E65532B2CEC1400FB4CB6 /* FirebaseInstallations */ = {
			isa = XCSwiftPackageProductDependency;
			package = 0B1E652C2B2CEC1400FB4CB6 /* XCRemoteSwiftPackageReference "firebase-ios-sdk" */;
			productName = FirebaseInstallations;
		};
		0B1E65552B2CEC1400FB4CB6 /* FirebaseMLModelDownloader */ = {
			isa = XCSwiftPackageProductDependency;
			package = 0B1E652C2B2CEC1400FB4CB6 /* XCRemoteSwiftPackageReference "firebase-ios-sdk" */;
			productName = FirebaseMLModelDownloader;
		};
		0B1E65572B2CEC1400FB4CB6 /* FirebaseMessaging */ = {
			isa = XCSwiftPackageProductDependency;
			package = 0B1E652C2B2CEC1400FB4CB6 /* XCRemoteSwiftPackageReference "firebase-ios-sdk" */;
			productName = FirebaseMessaging;
		};
		0B1E65592B2CEC1400FB4CB6 /* FirebasePerformance */ = {
			isa = XCSwiftPackageProductDependency;
			package = 0B1E652C2B2CEC1400FB4CB6 /* XCRemoteSwiftPackageReference "firebase-ios-sdk" */;
			productName = FirebasePerformance;
		};
		0B1E655B2B2CEC1400FB4CB6 /* FirebaseRemoteConfig */ = {
			isa = XCSwiftPackageProductDependency;
			package = 0B1E652C2B2CEC1400FB4CB6 /* XCRemoteSwiftPackageReference "firebase-ios-sdk" */;
			productName = FirebaseRemoteConfig;
		};
		0B1E655D2B2CEC1400FB4CB6 /* FirebaseRemoteConfigSwift */ = {
			isa = XCSwiftPackageProductDependency;
			package = 0B1E652C2B2CEC1400FB4CB6 /* XCRemoteSwiftPackageReference "firebase-ios-sdk" */;
			productName = FirebaseRemoteConfigSwift;
		};
		0B1E655F2B2CEC1400FB4CB6 /* FirebaseStorage */ = {
			isa = XCSwiftPackageProductDependency;
			package = 0B1E652C2B2CEC1400FB4CB6 /* XCRemoteSwiftPackageReference "firebase-ios-sdk" */;
			productName = FirebaseStorage;
		};
		0B1E65612B2CEC1400FB4CB6 /* FirebaseStorageCombine-Community */ = {
			isa = XCSwiftPackageProductDependency;
			package = 0B1E652C2B2CEC1400FB4CB6 /* XCRemoteSwiftPackageReference "firebase-ios-sdk" */;
			productName = "FirebaseStorageCombine-Community";
		};
/* End XCSwiftPackageProductDependency section */
	};
	rootObject = 0B1E65112B2CE91700FB4CB6 /* Project object */;
}
